
Microsoft Visual Studio Solution File, Format Version 12.00
# Visual Studio Version 17
VisualStudioVersion = 17.13.35806.99
MinimumVisualStudioVersion = 10.0.40219.1
Project("{FAE04EC0-301F-11D3-BF4B-00C04F79EFBC}") = "TimDoLele", "TimDoLele.csproj", "{EFBF7693-A731-4B77-B6EA-36B38E22114A}"
EndProject
Project("{FAE04EC0-301F-11D3-BF4B-00C04F79EFBC}") = "TimDoLele.Infrastructure", "TimDoLele.Infrastructure\TimDoLele.Infrastructure.csproj", "{FFCA7919-C1E2-B091-8179-55A83911FE18}"
EndProject
Project("{FAE04EC0-301F-11D3-BF4B-00C04F79EFBC}") = "TimDolele.Core", "TimDolele.Core\TimDolele.Core.csproj", "{33EAD9E3-4EE1-0B72-4F29-84CE86573839}"
EndProject
Global
	GlobalSection(SolutionConfigurationPlatforms) = preSolution
		Debug|Any CPU = Debug|Any CPU
		Release|Any CPU = Release|Any CPU
	EndGlobalSection
	GlobalSection(ProjectConfigurationPlatforms) = postSolution
		{EFBF7693-A731-4B77-B6EA-36B38E22114A}.Debug|Any CPU.ActiveCfg = Debug|Any CPU
		{EFBF7693-A731-4B77-B6EA-36B38E22114A}.Debug|Any CPU.Build.0 = Debug|Any CPU
		{EFBF7693-A731-4B77-B6EA-36B38E22114A}.Release|Any CPU.ActiveCfg = Release|Any CPU
		{EFBF7693-A731-4B77-B6EA-36B38E22114A}.Release|Any CPU.Build.0 = Release|Any CPU
		{FFCA7919-C1E2-B091-8179-55A83911FE18}.Debug|Any CPU.ActiveCfg = Debug|Any CPU
		{FFCA7919-C1E2-B091-8179-55A83911FE18}.Debug|Any CPU.Build.0 = Debug|Any CPU
		{FFCA7919-C1E2-B091-8179-55A83911FE18}.Release|Any CPU.ActiveCfg = Release|Any CPU
		{FFCA7919-C1E2-B091-8179-55A83911FE18}.Release|Any CPU.Build.0 = Release|Any CPU
		{33EAD9E3-4EE1-0B72-4F29-84CE86573839}.Debug|Any CPU.ActiveCfg = Debug|Any CPU
		{33EAD9E3-4EE1-0B72-4F29-84CE86573839}.Debug|Any CPU.Build.0 = Debug|Any CPU
		{33EAD9E3-4EE1-0B72-4F29-84CE86573839}.Release|Any CPU.ActiveCfg = Release|Any CPU
		{33EAD9E3-4EE1-0B72-4F29-84CE86573839}.Release|Any CPU.Build.0 = Release|Any CPU
	EndGlobalSection
	GlobalSection(SolutionProperties) = preSolution
		HideSolutionNode = FALSE
	EndGlobalSection
	GlobalSection(ExtensibilityGlobals) = postSolution
		SolutionGuid = {54643A1D-8AA3-4535-AB93-F0CAFA3AD7D7}
	EndGlobalSection
EndGlobal
